
Microsoft Visual Studio Solution File, Format Version 12.00
# Visual Studio Version 16
VisualStudioVersion = 16.0.30225.117
MinimumVisualStudioVersion = 10.0.40219.1
Project("{8BC9CEB8-8B4A-11D0-8D11-00A0C91BC942}") = "깃헙 연동 시험", "깃헙 연동 시험\깃헙 연동 시험.vcxproj", "{94ABDE44-5839-4CEC-B8F8-2405008B20F8}"
EndProject
Global
	GlobalSection(SolutionConfigurationPlatforms) = preSolution
		Debug|x64 = Debug|x64
		Debug|x86 = Debug|x86
		Release|x64 = Release|x64
		Release|x86 = Release|x86
	EndGlobalSection
	GlobalSection(ProjectConfigurationPlatforms) = postSolution
		{94ABDE44-5839-4CEC-B8F8-2405008B20F8}.Debug|x64.ActiveCfg = Debug|x64
		{94ABDE44-5839-4CEC-B8F8-2405008B20F8}.Debug|x64.Build.0 = Debug|x64
		{94ABDE44-5839-4CEC-B8F8-2405008B20F8}.Debug|x86.ActiveCfg = Debug|Win32
		{94ABDE44-5839-4CEC-B8F8-2405008B20F8}.Debug|x86.Build.0 = Debug|Win32
		{94ABDE44-5839-4CEC-B8F8-2405008B20F8}.Release|x64.ActiveCfg = Release|x64
		{94ABDE44-5839-4CEC-B8F8-2405008B20F8}.Release|x64.Build.0 = Release|x64
		{94ABDE44-5839-4CEC-B8F8-2405008B20F8}.Release|x86.ActiveCfg = Release|Win32
		{94ABDE44-5839-4CEC-B8F8-2405008B20F8}.Release|x86.Build.0 = Release|Win32
	EndGlobalSection
	GlobalSection(SolutionProperties) = preSolution
		HideSolutionNode = FALSE
	EndGlobalSection
	GlobalSection(ExtensibilityGlobals) = postSolution
		SolutionGuid = {14384200-B8F5-49EF-B6CD-BAA96F2C73F0}
	EndGlobalSection
EndGlobal
